PODS:
  - Flutter (1.0.0)
  - image_editor (0.0.1):
    - Flutter
  - path_provider_foundation (0.0.1):
    - Flutter
    - FlutterMacOS

DEPENDENCIES:
  - Flutter (from `Flutter`)
  - image_editor (from `.symlinks/plugins/image_editor/ios`)
  - path_provider_foundation (from `.symlinks/plugins/path_provider_foundation/darwin`)

EXTERNAL SOURCES:
  Flutter:
    :path: Flutter
  image_editor:
    :path: ".symlinks/plugins/image_editor/ios"
  path_provider_foundation:
    :path: ".symlinks/plugins/path_provider_foundation/darwin"

SPEC CHECKSUMS:
  Flutter: f04841e97a9d0b0a8025694d0796dd46242b2854
  image_editor: 0ae9e5019c6039a4380d3f7ca5d6b41a17e7faac
  path_provider_foundation: 29f094ae23ebbca9d3d0cec13889cd9060c0e943

PODFILE CHECKSUM: f9f99a045704a84f6aabb718a71b1a25924ec006

COCOAPODS: 1.14.3
